
Microsoft Visual Studio Solution File, Format Version 12.00
# Visual Studio Version 17
VisualStudioVersion = 17.5.002.0
MinimumVisualStudioVersion = 10.0.40219.1
Project("{9A19103F-16F7-4668-BE54-9A1E7A4F7556}") = "MeuPrograma", "MeuPrograma.csproj", "{536D6DA0-1518-4858-9349-A9C40E29E51D}"
EndProject
Global
	GlobalSection(SolutionConfigurationPlatforms) = preSolution
		Debug|Any CPU = Debug|Any CPU
		Release|Any CPU = Release|Any CPU
	EndGlobalSection
	GlobalSection(ProjectConfigurationPlatforms) = postSolution
		{536D6DA0-1518-4858-9349-A9C40E29E51D}.Debug|Any CPU.ActiveCfg = Debug|Any CPU
		{536D6DA0-1518-4858-9349-A9C40E29E51D}.Debug|Any CPU.Build.0 = Debug|Any CPU
		{536D6DA0-1518-4858-9349-A9C40E29E51D}.Release|Any CPU.ActiveCfg = Release|Any CPU
		{536D6DA0-1518-4858-9349-A9C40E29E51D}.Release|Any CPU.Build.0 = Release|Any CPU
	EndGlobalSection
	GlobalSection(SolutionProperties) = preSolution
		HideSolutionNode = FALSE
	EndGlobalSection
	GlobalSection(ExtensibilityGlobals) = postSolution
		SolutionGuid = {488A1915-1872-41F5-A26F-79E984D4971D}
	EndGlobalSection
EndGlobal
